// !$*UTF8*$!
{
	archiveVersion = 1;
	classes = {
	};
	objectVersion = 46;
	objects = {

/* Begin PBXBuildFile section */
		868E0D481D3B15DC004297BA /* AppDelegate.swift in Sources */ = {isa = PBXBuildFile; fileRef = 868E0D471D3B15DC004297BA /* AppDelegate.swift */; };
		868E0D4D1D3B15DC004297BA /* Main.storyboard in Resources */ = {isa = PBXBuildFile; fileRef = 868E0D4B1D3B15DC004297BA /* Main.storyboard */; };
		868E0D4F1D3B15DC004297BA /* Assets.xcassets in Resources */ = {isa = PBXBuildFile; fileRef = 868E0D4E1D3B15DC004297BA /* Assets.xcassets */; };
		868E0D521D3B15DC004297BA /* LaunchScreen.storyboard in Resources */ = {isa = PBXBuildFile; fileRef = 868E0D501D3B15DC004297BA /* LaunchScreen.storyboard */; };
		868E0D5E1D3BAC40004297BA /* ConversionViewController.swift in Sources */ = {isa = PBXBuildFile; fileRef = 868E0D5D1D3BAC40004297BA /* ConversionViewController.swift */; };
		868E0D601D3BCFBA004297BA /* MapKit.framework in Frameworks */ = {isa = PBXBuildFile; fileRef = 868E0D5F1D3BCFBA004297BA /* MapKit.framework */; };
		868E0D621D3BD2CB004297BA /* MapViewController.swift in Sources */ = {isa = PBXBuildFile; fileRef = 868E0D611D3BD2CB004297BA /* MapViewController.swift */; };
/* End PBXBuildFile section */

/* Begin PBXFileReference section */
		868E0D441D3B15DC004297BA /* WorldTrotter.app */ = {isa = PBXFileReference; explicitFileType = wrapper.application; includeInIndex = 0; path = WorldTrotter.app; sourceTree = BUILT_PRODUCTS_DIR; };
		868E0D471D3B15DC004297BA /* AppDelegate.swift */ = {isa = PBXFileReference; lastKnownFileType = sourcecode.swift; path = AppDelegate.swift; sourceTree = "<group>"; };
		868E0D4C1D3B15DC004297BA /* Base */ = {isa = PBXFileReference; lastKnownFileType = file.storyboard; name = Base; path = Base.lproj/Main.storyboard; sourceTree = "<group>"; };
		868E0D4E1D3B15DC004297BA /* Assets.xcassets */ = {isa = PBXFileReference; lastKnownFileType = folder.assetcatalog; path = Assets.xcassets; sourceTree = "<group>"; };
		868E0D511D3B15DC004297BA /* Base */ = {isa = PBXFileReference; lastKnownFileType = file.storyboard; name = Base; path = Base.lproj/LaunchScreen.storyboard; sourceTree = "<group>"; };
		868E0D531D3B15DC004297BA /* Info.plist */ = {isa = PBXFileReference; lastKnownFileType = text.plist.xml; path = Info.plist; sourceTree = "<group>"; };
		868E0D5D1D3BAC40004297BA /* ConversionViewController.swift */ = {isa = PBXFileReference; fileEncoding = 4; lastKnownFileType = sourcecode.swift; name = ConversionViewController.swift; path = ../ConversionViewController.swift; sourceTree = "<group>"; };
		868E0D5F1D3BCFBA004297BA /* MapKit.framework */ = {isa = PBXFileReference; lastKnownFileType = wrapper.framework; name = MapKit.framework; path = System/Library/Frameworks/MapKit.framework; sourceTree = SDKROOT; };
		868E0D611D3BD2CB004297BA /* MapViewController.swift */ = {isa = PBXFileReference; fileEncoding = 4; lastKnownFileType = sourcecode.swift; path = MapViewController.swift; sourceTree = "<group>"; };
		868E0D641D3BE12A004297BA /* en */ = {isa = PBXFileReference; lastKnownFileType = text.plist.strings; name = en; path = en.lproj/Main.strings; sourceTree = "<group>"; };
		868E0D651D3BE1A1004297BA /* es */ = {isa = PBXFileReference; lastKnownFileType = text.plist.strings; name = es; path = es.lproj/Main.strings; sourceTree = "<group>"; };
/* End PBXFileReference section */

/* Begin PBXFrameworksBuildPhase section */
		868E0D411D3B15DC004297BA /* Frameworks */ = {
			isa = PBXFrameworksBuildPhase;
			buildActionMask = 2147483647;
			files = (
				868E0D601D3BCFBA004297BA /* MapKit.framework in Frameworks */,
			);
			runOnlyForDeploymentPostprocessing = 0;
		};
/* End PBXFrameworksBuildPhase section */

/* Begin PBXGroup section */
		868E0D3B1D3B15DB004297BA = {
			isa = PBXGroup;
			children = (
				868E0D5F1D3BCFBA004297BA /* MapKit.framework */,
				868E0D461D3B15DC004297BA /* WorldTrotter */,
				868E0D451D3B15DC004297BA /* Products */,
			);
			sourceTree = "<group>";
		};
		868E0D451D3B15DC004297BA /* Products */ = {
			isa = PBXGroup;
			children = (
				868E0D441D3B15DC004297BA /* WorldTrotter.app */,
			);
			name = Products;
			sourceTree = "<group>";
		};
		868E0D461D3B15DC004297BA /* WorldTrotter */ = {
			isa = PBXGroup;
			children = (
				868E0D471D3B15DC004297BA /* AppDelegate.swift */,
				868E0D5D1D3BAC40004297BA /* ConversionViewController.swift */,
				868E0D611D3BD2CB004297BA /* MapViewController.swift */,
				868E0D4B1D3B15DC004297BA /* Main.storyboard */,
				868E0D4E1D3B15DC004297BA /* Assets.xcassets */,
				868E0D501D3B15DC004297BA /* LaunchScreen.storyboard */,
				868E0D531D3B15DC004297BA /* Info.plist */,
			);
			path = WorldTrotter;
			sourceTree = "<group>";
		};
/* End PBXGroup section */

/* Begin PBXNativeTarget section */
		868E0D431D3B15DC004297BA /* WorldTrotter */ = {
			isa = PBXNativeTarget;
			buildConfigurationList = 868E0D561D3B15DC004297BA /* Build configuration list for PBXNativeTarget "WorldTrotter" */;
			buildPhases = (
				868E0D401D3B15DC004297BA /* Sources */,
				868E0D411D3B15DC004297BA /* Frameworks */,
				868E0D421D3B15DC004297BA /* Resources */,
			);
			buildRules = (
			);
			dependencies = (
			);
			name = WorldTrotter;
			productName = WorldTrotter;
			productReference = 868E0D441D3B15DC004297BA /* WorldTrotter.app */;
			productType = "com.apple.product-type.application";
		};
/* End PBXNativeTarget section */

/* Begin PBXProject section */
		868E0D3C1D3B15DB004297BA /* Project object */ = {
			isa = PBXProject;
			attributes = {
				LastSwiftUpdateCheck = 0730;
				LastUpgradeCheck = 0730;
				ORGANIZATIONNAME = "Ash Ryan Beats";
				TargetAttributes = {
					868E0D431D3B15DC004297BA = {
						CreatedOnToolsVersion = 7.3.1;
						DevelopmentTeam = ZSTU8RPNMW;
					};
				};
			};
			buildConfigurationList = 868E0D3F1D3B15DB004297BA /* Build configuration list for PBXProject "WorldTrotter" */;
			compatibilityVersion = "Xcode 3.2";
			developmentRegion = English;
			hasScannedForEncodings = 0;
			knownRegions = (
				en,
				Base,
			);
			mainGroup = 868E0D3B1D3B15DB004297BA;
			productRefGroup = 868E0D451D3B15DC004297BA /* Products */;
			projectDirPath = "";
			projectRoot = "";
			targets = (
				868E0D431D3B15DC004297BA /* WorldTrotter */,
			);
		};
/* End PBXProject section */

/* Begin PBXResourcesBuildPhase section */
		868E0D421D3B15DC004297BA /* Resources */ = {
			isa = PBXResourcesBuildPhase;
			buildActionMask = 2147483647;
			files = (
				868E0D521D3B15DC004297BA /* LaunchScreen.storyboard in Resources */,
				868E0D4F1D3B15DC004297BA /* Assets.xcassets in Resources */,
				868E0D4D1D3B15DC004297BA /* Main.storyboard in Resources */,
			);
			runOnlyForDeploymentPostprocessing = 0;
		};
/* End PBXResourcesBuildPhase section */

/* Begin PBXSourcesBuildPhase section */
		868E0D401D3B15DC004297BA /* Sources */ = {
			isa = PBXSourcesBuildPhase;
			buildActionMask = 2147483647;
			files = (
				868E0D5E1D3BAC40004297BA /* ConversionViewController.swift in Sources */,
				868E0D621D3BD2CB004297BA /* MapViewController.swift in Sources */,
				868E0D481D3B15DC004297BA /* AppDelegate.swift in Sources */,
			);
			runOnlyForDeploymentPostprocessing = 0;
		};
/* End PBXSourcesBuildPhase section */

/* Begin PBXVariantGroup section */
		868E0D4B1D3B15DC004297BA /* Main.storyboard */ = {
			isa = PBXVariantGroup;
			children = (
				868E0D4C1D3B15DC004297BA /* Base */,
				868E0D641D3BE12A004297BA /* en */,
				868E0D651D3BE1A1004297BA /* es */,
			);
			name = Main.storyboard;
			sourceTree = "<group>";
		};
		868E0D501D3B15DC004297BA /* LaunchScreen.storyboard */ = {
			isa = PBXVariantGroup;
			children = (
				868E0D511D3B15DC004297BA /* Base */,
			);
			name = LaunchScreen.storyboard;
			sourceTree = "<group>";
		};
/* End PBXVariantGroup section */

/* Begin XCBuildConfiguration section */
		868E0D541D3B15DC004297BA /* Debug */ = {
			isa = XCBuildConfiguration;
			buildSettings = {
				ALWAYS_SEARCH_USER_PATHS = NO;
				CLANG_ANALYZER_NONNULL = YES;
				CLANG_CXX_LANGUAGE_STANDARD = "gnu++0x";
				CLANG_CXX_LIBRARY = "libc++";
				CLANG_ENABLE_MODULES = YES;
				CLANG_ENABLE_OBJC_ARC = YES;
				CLANG_WARN_BOOL_CONVERSION = YES;
				CLANG_WARN_CONSTANT_CONVERSION = YES;
				CLANG_WARN_DIRECT_OBJC_ISA_USAGE = YES_ERROR;
				CLANG_WARN_EMPTY_BODY = YES;
				CLANG_WARN_ENUM_CONVERSION = YES;
				CLANG_WARN_INT_CONVERSION = YES;
				CLANG_WARN_OBJC_ROOT_CLASS = YES_ERROR;
				CLANG_WARN_UNREACHABLE_CODE = YES;
				CLANG_WARN__DUPLICATE_METHOD_MATCH = YES;
				"CODE_SIGN_IDENTITY[sdk=iphoneos*]" = "iPhone Developer";
				COPY_PHASE_STRIP = NO;
				DEBUG_INFORMATION_FORMAT = dwarf;
				ENABLE_STRICT_OBJC_MSGSEND = YES;
				ENABLE_TESTABILITY = YES;
				GCC_C_LANGUAGE_STANDARD = gnu99;
				GCC_DYNAMIC_NO_PIC = NO;
				GCC_NO_COMMON_BLOCKS = YES;
				GCC_OPTIMIZATION_LEVEL = 0;
				GCC_PREPROCESSOR_DEFINITIONS = (
					"DEBUG=1",
					"$(inherited)",
				);
				GCC_WARN_64_TO_32_BIT_CONVERSION = YES;
				GCC_WARN_ABOUT_RETURN_TYPE = YES_ERROR;
				GCC_WARN_UNDECLARED_SELECTOR = YES;
				GCC_WARN_UNINITIALIZED_AUTOS = YES_AGGRESSIVE;
				GCC_WARN_UNUSED_FUNCTION = YES;
				GCC_WARN_UNUSED_VARIABLE = YES;
				IPHONEOS_DEPLOYMENT_TARGET = 9.3;
				MTL_ENABLE_DEBUG_INFO = YES;
				ONLY_ACTIVE_ARCH = YES;
				SDKROOT = iphoneos;
				SWIFT_OPTIMIZATION_LEVEL = "-Onone";
			};
			name = Debug;
		};
		868E0D551D3B15DC004297BA /* Release */ = {
			isa = XCBuildConfiguration;
			buildSettings = {
				ALWAYS_SEARCH_USER_PATHS = NO;
				CLANG_ANALYZER_NONNULL = YES;
				CLANG_CXX_LANGUAGE_STANDARD = "gnu++0x";
				CLANG_CXX_LIBRARY = "libc++";
				CLANG_ENABLE_MODULES = YES;
				CLANG_ENABLE_OBJC_ARC = YES;
				CLANG_WARN_BOOL_CONVERSION = YES;
				CLANG_WARN_CONSTANT_CONVERSION = YES;
				CLANG_WARN_DIRECT_OBJC_ISA_USAGE = YES_ERROR;
				CLANG_WARN_EMPTY_BODY = YES;
				CLANG_WARN_ENUM_CONVERSION = YES;
				CLANG_WARN_INT_CONVERSION = YES;
				CLANG_WARN_OBJC_ROOT_CLASS = YES_ERROR;
				CLANG_WARN_UNREACHABLE_CODE = YES;
				CLANG_WARN__DUPLICATE_METHOD_MATCH = YES;
				"CODE_SIGN_IDENTITY[sdk=iphoneos*]" = "iPhone Developer";
				COPY_PHASE_STRIP = NO;
				DEBUG_INFORMATION_FORMAT = "dwarf-with-dsym";
				ENABLE_NS_ASSERTIONS = NO;
				ENABLE_STRICT_OBJC_MSGSEND = YES;
				GCC_C_LANGUAGE_STANDARD = gnu99;
				GCC_NO_COMMON_BLOCKS = YES;
				GCC_WARN_64_TO_32_BIT_CONVERSION = YES;
				GCC_WARN_ABOUT_RETURN_TYPE = YES_ERROR;
				GCC_WARN_UNDECLARED_SELECTOR = YES;
				GCC_WARN_UNINITIALIZED_AUTOS = YES_AGGRESSIVE;
				GCC_WARN_UNUSED_FUNCTION = YES;
				GCC_WARN_UNUSED_VARIABLE = YES;
				IPHONEOS_DEPLOYMENT_TARGET = 9.3;
				MTL_ENABLE_DEBUG_INFO = NO;
				SDKROOT = iphoneos;
				VALIDATE_PRODUCT = YES;
			};
			name = Release;
		};
		868E0D571D3B15DC004297BA /* Debug */ = {
			isa = XCBuildConfiguration;
			buildSettings = {
				ASSETCATALOG_COMPILER_APPICON_NAME = AppIcon;
				CODE_SIGN_IDENTITY = "iPhone Developer";
				"CODE_SIGN_IDENTITY[sdk=iphoneos*]" = "iPhone Developer";
				INFOPLIST_FILE = WorldTrotter/Info.plist;
				LD_RUNPATH_SEARCH_PATHS = "$(inherited) @executable_path/Frameworks";
				PRODUCT_BUNDLE_IDENTIFIER = com.ashryanbeats.WorldTrotter;
				PRODUCT_NAME = "$(TARGET_NAME)";
				PROVISIONING_PROFILE = "";
			};
			name = Debug;
		};
		868E0D581D3B15DC004297BA /* Release */ = {
			isa = XCBuildConfiguration;
			buildSettings = {
				ASSETCATALOG_COMPILER_APPICON_NAME = AppIcon;
				CODE_SIGN_IDENTITY = "iPhone Developer";
				"CODE_SIGN_IDENTITY[sdk=iphoneos*]" = "iPhone Developer";
				INFOPLIST_FILE = WorldTrotter/Info.plist;
				LD_RUNPATH_SEARCH_PATHS = "$(inherited) @executable_path/Frameworks";
				PRODUCT_BUNDLE_IDENTIFIER = com.ashryanbeats.WorldTrotter;
				PRODUCT_NAME = "$(TARGET_NAME)";
				PROVISIONING_PROFILE = "";
			};
			name = Release;
		};
/* End XCBuildConfiguration section */

/* Begin XCConfigurationList section */
		868E0D3F1D3B15DB004297BA /* Build configuration list for PBXProject "WorldTrotter" */ = {
			isa = XCConfigurationList;
			buildConfigurations = (
				868E0D541D3B15DC004297BA /* Debug */,
				868E0D551D3B15DC004297BA /* Release */,
			);
			defaultConfigurationIsVisible = 0;
			defaultConfigurationName = Release;
		};
		868E0D561D3B15DC004297BA /* Build configuration list for PBXNativeTarget "WorldTrotter" */ = {
			isa = XCConfigurationList;
			buildConfigurations = (
				868E0D571D3B15DC004297BA /* Debug */,
				868E0D581D3B15DC004297BA /* Release */,
			);
			defaultConfigurationIsVisible = 0;
			defaultConfigurationName = Release;
		};
/* End XCConfigurationList section */
	};
	rootObject = 868E0D3C1D3B15DB004297BA /* Project object */;
}
